// !$*UTF8*$!
{
	archiveVersion = 1;
	classes = {
	};
	objectVersion = 51;
	objects = {

/* Begin PBXBuildFile section */
		5522CC5A23923BF8008DC260 /* GradientButton.swift in Sources */ = {isa = PBXBuildFile; fileRef = 5522CC5923923BF8008DC260 /* GradientButton.swift */; };
		5522CC5C23925613008DC260 /* CreateAccount_ViewController.swift in Sources */ = {isa = PBXBuildFile; fileRef = 5522CC5B23925613008DC260 /* CreateAccount_ViewController.swift */; };
		5525BDEB2392D63100632750 /* TransferViewController.swift in Sources */ = {isa = PBXBuildFile; fileRef = 5525BDEA2392D63100632750 /* TransferViewController.swift */; };
		5525BDED2392E0A000632750 /* User.swift in Sources */ = {isa = PBXBuildFile; fileRef = 5525BDEC2392E0A000632750 /* User.swift */; };
		5525BDEF2392E0BE00632750 /* BankAccount.swift in Sources */ = {isa = PBXBuildFile; fileRef = 5525BDEE2392E0BE00632750 /* BankAccount.swift */; };
		5525BDF12392E0ED00632750 /* RestRequest.swift in Sources */ = {isa = PBXBuildFile; fileRef = 5525BDF02392E0ED00632750 /* RestRequest.swift */; };
		5525BDF32392F98000632750 /* Account.storyboard in Resources */ = {isa = PBXBuildFile; fileRef = 5525BDF22392F98000632750 /* Account.storyboard */; };
		5525BDF52392FAAC00632750 /* AccountViewController.swift in Sources */ = {isa = PBXBuildFile; fileRef = 5525BDF42392FAAC00632750 /* AccountViewController.swift */; };
		5525BDF72392FCA600632750 /* AccountsCardCollectionViewCell.swift in Sources */ = {isa = PBXBuildFile; fileRef = 5525BDF62392FCA600632750 /* AccountsCardCollectionViewCell.swift */; };
		5525BDF92393340300632750 /* InitialAccountViewController.swift in Sources */ = {isa = PBXBuildFile; fileRef = 5525BDF82393340300632750 /* InitialAccountViewController.swift */; };
		5547C90823920C5100FFD5A4 /* Proxima Nova Black.otf in Resources */ = {isa = PBXBuildFile; fileRef = 5547C90323920C5100FFD5A4 /* Proxima Nova Black.otf */; };
		5547C90923920C5100FFD5A4 /* Proxima Nova Thin.otf in Resources */ = {isa = PBXBuildFile; fileRef = 5547C90423920C5100FFD5A4 /* Proxima Nova Thin.otf */; };
		5547C90A23920C5100FFD5A4 /* ProximaNova-Regular.otf in Resources */ = {isa = PBXBuildFile; fileRef = 5547C90523920C5100FFD5A4 /* ProximaNova-Regular.otf */; };
		5547C90B23920C5100FFD5A4 /* Proxima Nova Bold.otf in Resources */ = {isa = PBXBuildFile; fileRef = 5547C90623920C5100FFD5A4 /* Proxima Nova Bold.otf */; };
		5547C90C23920C5100FFD5A4 /* Proxima Nova Extrabold.otf in Resources */ = {isa = PBXBuildFile; fileRef = 5547C90723920C5100FFD5A4 /* Proxima Nova Extrabold.otf */; };
		555CDDE92392C42F00ACB302 /* CloseConfirmation_ViewController.swift in Sources */ = {isa = PBXBuildFile; fileRef = 555CDDE82392C42F00ACB302 /* CloseConfirmation_ViewController.swift */; };
		555CDDEB2392D03E00ACB302 /* Transfer.storyboard in Resources */ = {isa = PBXBuildFile; fileRef = 555CDDEA2392D03E00ACB302 /* Transfer.storyboard */; };
		557EA79423921C24000AD213 /* Login.storyboard in Resources */ = {isa = PBXBuildFile; fileRef = 557EA79323921C24000AD213 /* Login.storyboard */; };
		557EA79723922494000AD213 /* InitialAccount.storyboard in Resources */ = {isa = PBXBuildFile; fileRef = 557EA79623922494000AD213 /* InitialAccount.storyboard */; };
		557EA799239228DC000AD213 /* Assets.xcassets in Resources */ = {isa = PBXBuildFile; fileRef = 557EA798239228DC000AD213 /* Assets.xcassets */; };
		55A712262392822D00908EF0 /* SelectBank_ViewController.swift in Sources */ = {isa = PBXBuildFile; fileRef = 55A712252392822D00908EF0 /* SelectBank_ViewController.swift */; };
		55A712282392823F00908EF0 /* ExistingAccount_ViewController.swift in Sources */ = {isa = PBXBuildFile; fileRef = 55A712272392823F00908EF0 /* ExistingAccount_ViewController.swift */; };
		55C58800238FC36F00A6DC85 /* AppDelegate.swift in Sources */ = {isa = PBXBuildFile; fileRef = 55C587FF238FC36F00A6DC85 /* AppDelegate.swift */; };
		55C58802238FC36F00A6DC85 /* SceneDelegate.swift in Sources */ = {isa = PBXBuildFile; fileRef = 55C58801238FC36F00A6DC85 /* SceneDelegate.swift */; };
		55C58804238FC36F00A6DC85 /* ViewController.swift in Sources */ = {isa = PBXBuildFile; fileRef = 55C58803238FC36F00A6DC85 /* ViewController.swift */; };
		55C58807238FC36F00A6DC85 /* Main.storyboard in Resources */ = {isa = PBXBuildFile; fileRef = 55C58805238FC36F00A6DC85 /* Main.storyboard */; };
		55C5880C238FC37100A6DC85 /* LaunchScreen.storyboard in Resources */ = {isa = PBXBuildFile; fileRef = 55C5880A238FC37100A6DC85 /* LaunchScreen.storyboard */; };
		55D8B9FE2392B25F008E7371 /* Globals.swift in Sources */ = {isa = PBXBuildFile; fileRef = 55D8B9FD2392B25F008E7371 /* Globals.swift */; };
		55D8BA002392B40A008E7371 /* CloseBankAccount.storyboard in Resources */ = {isa = PBXBuildFile; fileRef = 55D8B9FF2392B40A008E7371 /* CloseBankAccount.storyboard */; };
		55D8BA022392BDD6008E7371 /* CloseAccountViewController.swift in Sources */ = {isa = PBXBuildFile; fileRef = 55D8BA012392BDD6008E7371 /* CloseAccountViewController.swift */; };
		7718B7D02391F6500004BFA4 /* Dashboard.storyboard in Resources */ = {isa = PBXBuildFile; fileRef = 7718B7CF2391F6500004BFA4 /* Dashboard.storyboard */; };
		77BBCAB523920E8600F5605E /* DashboadViewController.swift in Sources */ = {isa = PBXBuildFile; fileRef = 77BBCAB423920E8600F5605E /* DashboadViewController.swift */; };
		77BBCAB82392243400F5605E /* CardCollectionViewCell.swift in Sources */ = {isa = PBXBuildFile; fileRef = 77BBCAB72392243400F5605E /* CardCollectionViewCell.swift */; };
		77DEEF54239246F2001A808F /* ServicesCollectionViewCell.swift in Sources */ = {isa = PBXBuildFile; fileRef = 77DEEF53239246F2001A808F /* ServicesCollectionViewCell.swift */; };
		77DEEF592392567F001A808F /* LoginViewController.swift in Sources */ = {isa = PBXBuildFile; fileRef = 77DEEF582392567F001A808F /* LoginViewController.swift */; };
		77DEEF5B23925832001A808F /* TransactionsTableViewCell.swift in Sources */ = {isa = PBXBuildFile; fileRef = 77DEEF5A23925832001A808F /* TransactionsTableViewCell.swift */; };
		77DEEF5D239292C3001A808F /* MainServices.storyboard in Resources */ = {isa = PBXBuildFile; fileRef = 77DEEF5C239292C3001A808F /* MainServices.storyboard */; };
		77DEEF5F2392B26F001A808F /* MainServicesViewController.swift in Sources */ = {isa = PBXBuildFile; fileRef = 77DEEF5E2392B26F001A808F /* MainServicesViewController.swift */; };
		77DEEF652392BD5B001A808F /* Accounts.storyboard in Resources */ = {isa = PBXBuildFile; fileRef = 77DEEF642392BD5B001A808F /* Accounts.storyboard */; };
		77DEEF672392BD76001A808F /* AccountsViewController.swift in Sources */ = {isa = PBXBuildFile; fileRef = 77DEEF662392BD76001A808F /* AccountsViewController.swift */; };
		77DEEF692392C062001A808F /* AccountsCollectionViewCell.swift in Sources */ = {isa = PBXBuildFile; fileRef = 77DEEF682392C062001A808F /* AccountsCollectionViewCell.swift */; };
		E602DA63F9F648FB8C7169D4 /* Pods_OneBank.framework in Frameworks */ = {isa = PBXBuildFile; fileRef = 24C5B6FB31C1C0F7625ED260 /* Pods_OneBank.framework */; };
/* End PBXBuildFile section */

/* Begin PBXFileReference section */
		24C5B6FB31C1C0F7625ED260 /* Pods_OneBank.framework */ = {isa = PBXFileReference; explicitFileType = wrapper.framework; includeInIndex = 0; path = Pods_OneBank.framework; sourceTree = BUILT_PRODUCTS_DIR; };
		5522CC5923923BF8008DC260 /* GradientButton.swift */ = {isa = PBXFileReference; fileEncoding = 4; lastKnownFileType = sourcecode.swift; path = GradientButton.swift; sourceTree = "<group>"; };
		5522CC5B23925613008DC260 /* CreateAccount_ViewController.swift */ = {isa = PBXFileReference; lastKnownFileType = sourcecode.swift; path = CreateAccount_ViewController.swift; sourceTree = "<group>"; };
		5525BDEA2392D63100632750 /* TransferViewController.swift */ = {isa = PBXFileReference; lastKnownFileType = sourcecode.swift; path = TransferViewController.swift; sourceTree = "<group>"; };
		5525BDEC2392E0A000632750 /* User.swift */ = {isa = PBXFileReference; lastKnownFileType = sourcecode.swift; path = User.swift; sourceTree = "<group>"; };
		5525BDEE2392E0BE00632750 /* BankAccount.swift */ = {isa = PBXFileReference; lastKnownFileType = sourcecode.swift; path = BankAccount.swift; sourceTree = "<group>"; };
		5525BDF02392E0ED00632750 /* RestRequest.swift */ = {isa = PBXFileReference; lastKnownFileType = sourcecode.swift; path = RestRequest.swift; sourceTree = "<group>"; };
		5525BDF22392F98000632750 /* Account.storyboard */ = {isa = PBXFileReference; lastKnownFileType = file.storyboard; path = Account.storyboard; sourceTree = "<group>"; };
		5525BDF42392FAAC00632750 /* AccountViewController.swift */ = {isa = PBXFileReference; fileEncoding = 4; lastKnownFileType = sourcecode.swift; path = AccountViewController.swift; sourceTree = "<group>"; };
		5525BDF62392FCA600632750 /* AccountsCardCollectionViewCell.swift */ = {isa = PBXFileReference; lastKnownFileType = sourcecode.swift; path = AccountsCardCollectionViewCell.swift; sourceTree = "<group>"; };
		5525BDF82393340300632750 /* InitialAccountViewController.swift */ = {isa = PBXFileReference; fileEncoding = 4; lastKnownFileType = sourcecode.swift; path = InitialAccountViewController.swift; sourceTree = "<group>"; };
		5547C90323920C5100FFD5A4 /* Proxima Nova Black.otf */ = {isa = PBXFileReference; lastKnownFileType = file; name = "Proxima Nova Black.otf"; path = "OneBank/Assets.xcassets/Proxima Nova Black.otf"; sourceTree = SOURCE_ROOT; };
		5547C90423920C5100FFD5A4 /* Proxima Nova Thin.otf */ = {isa = PBXFileReference; lastKnownFileType = file; name = "Proxima Nova Thin.otf"; path = "OneBank/Assets.xcassets/Proxima Nova Thin.otf"; sourceTree = SOURCE_ROOT; };
		5547C90523920C5100FFD5A4 /* ProximaNova-Regular.otf */ = {isa = PBXFileReference; lastKnownFileType = file; name = "ProximaNova-Regular.otf"; path = "OneBank/Assets.xcassets/ProximaNova-Regular.otf"; sourceTree = SOURCE_ROOT; };
		5547C90623920C5100FFD5A4 /* Proxima Nova Bold.otf */ = {isa = PBXFileReference; lastKnownFileType = file; name = "Proxima Nova Bold.otf"; path = "OneBank/Assets.xcassets/Proxima Nova Bold.otf"; sourceTree = SOURCE_ROOT; };
		5547C90723920C5100FFD5A4 /* Proxima Nova Extrabold.otf */ = {isa = PBXFileReference; lastKnownFileType = file; name = "Proxima Nova Extrabold.otf"; path = "OneBank/Assets.xcassets/Proxima Nova Extrabold.otf"; sourceTree = SOURCE_ROOT; };
		5550D7812392721E00580A9E /* OneBank.entitlements */ = {isa = PBXFileReference; lastKnownFileType = text.plist.entitlements; path = OneBank.entitlements; sourceTree = "<group>"; };
		555CDDE82392C42F00ACB302 /* CloseConfirmation_ViewController.swift */ = {isa = PBXFileReference; lastKnownFileType = sourcecode.swift; path = CloseConfirmation_ViewController.swift; sourceTree = "<group>"; };
		555CDDEA2392D03E00ACB302 /* Transfer.storyboard */ = {isa = PBXFileReference; lastKnownFileType = file.storyboard; path = Transfer.storyboard; sourceTree = "<group>"; };
		557EA79323921C24000AD213 /* Login.storyboard */ = {isa = PBXFileReference; lastKnownFileType = file.storyboard; path = Login.storyboard; sourceTree = "<group>"; };
		557EA79623922494000AD213 /* InitialAccount.storyboard */ = {isa = PBXFileReference; lastKnownFileType = file.storyboard; path = InitialAccount.storyboard; sourceTree = "<group>"; };
		557EA798239228DC000AD213 /* Assets.xcassets */ = {isa = PBXFileReference; lastKnownFileType = folder.assetcatalog; path = Assets.xcassets; sourceTree = "<group>"; };
		55A712252392822D00908EF0 /* SelectBank_ViewController.swift */ = {isa = PBXFileReference; lastKnownFileType = sourcecode.swift; path = SelectBank_ViewController.swift; sourceTree = "<group>"; };
		55A712272392823F00908EF0 /* ExistingAccount_ViewController.swift */ = {isa = PBXFileReference; lastKnownFileType = sourcecode.swift; path = ExistingAccount_ViewController.swift; sourceTree = "<group>"; };
		55C587FC238FC36F00A6DC85 /* OneBank.app */ = {isa = PBXFileReference; explicitFileType = wrapper.application; includeInIndex = 0; path = OneBank.app; sourceTree = BUILT_PRODUCTS_DIR; };
		55C587FF238FC36F00A6DC85 /* AppDelegate.swift */ = {isa = PBXFileReference; lastKnownFileType = sourcecode.swift; path = AppDelegate.swift; sourceTree = "<group>"; };
		55C58801238FC36F00A6DC85 /* SceneDelegate.swift */ = {isa = PBXFileReference; lastKnownFileType = sourcecode.swift; path = SceneDelegate.swift; sourceTree = "<group>"; };
		55C58803238FC36F00A6DC85 /* ViewController.swift */ = {isa = PBXFileReference; lastKnownFileType = sourcecode.swift; path = ViewController.swift; sourceTree = "<group>"; };
		55C58806238FC36F00A6DC85 /* Base */ = {isa = PBXFileReference; lastKnownFileType = file.storyboard; name = Base; path = Base.lproj/Main.storyboard; sourceTree = "<group>"; };
		55C5880B238FC37100A6DC85 /* Base */ = {isa = PBXFileReference; lastKnownFileType = file.storyboard; name = Base; path = Base.lproj/LaunchScreen.storyboard; sourceTree = "<group>"; };
		55C5880D238FC37100A6DC85 /* Info.plist */ = {isa = PBXFileReference; lastKnownFileType = text.plist.xml; path = Info.plist; sourceTree = "<group>"; };
		55D8B9FD2392B25F008E7371 /* Globals.swift */ = {isa = PBXFileReference; lastKnownFileType = sourcecode.swift; path = Globals.swift; sourceTree = "<group>"; };
		55D8B9FF2392B40A008E7371 /* CloseBankAccount.storyboard */ = {isa = PBXFileReference; lastKnownFileType = file.storyboard; path = CloseBankAccount.storyboard; sourceTree = "<group>"; };
		55D8BA012392BDD6008E7371 /* CloseAccountViewController.swift */ = {isa = PBXFileReference; lastKnownFileType = sourcecode.swift; path = CloseAccountViewController.swift; sourceTree = "<group>"; };
		7718B7CF2391F6500004BFA4 /* Dashboard.storyboard */ = {isa = PBXFileReference; lastKnownFileType = file.storyboard; path = Dashboard.storyboard; sourceTree = "<group>"; };
		77BBCAB423920E8600F5605E /* DashboadViewController.swift */ = {isa = PBXFileReference; lastKnownFileType = sourcecode.swift; path = DashboadViewController.swift; sourceTree = "<group>"; };
		77BBCAB72392243400F5605E /* CardCollectionViewCell.swift */ = {isa = PBXFileReference; lastKnownFileType = sourcecode.swift; path = CardCollectionViewCell.swift; sourceTree = "<group>"; };
		77DEEF53239246F2001A808F /* ServicesCollectionViewCell.swift */ = {isa = PBXFileReference; lastKnownFileType = sourcecode.swift; path = ServicesCollectionViewCell.swift; sourceTree = "<group>"; };
		77DEEF582392567F001A808F /* LoginViewController.swift */ = {isa = PBXFileReference; lastKnownFileType = sourcecode.swift; path = LoginViewController.swift; sourceTree = "<group>"; };
		77DEEF5A23925832001A808F /* TransactionsTableViewCell.swift */ = {isa = PBXFileReference; lastKnownFileType = sourcecode.swift; path = TransactionsTableViewCell.swift; sourceTree = "<group>"; };
		77DEEF5C239292C3001A808F /* MainServices.storyboard */ = {isa = PBXFileReference; lastKnownFileType = file.storyboard; path = MainServices.storyboard; sourceTree = "<group>"; };
		77DEEF5E2392B26F001A808F /* MainServicesViewController.swift */ = {isa = PBXFileReference; lastKnownFileType = sourcecode.swift; path = MainServicesViewController.swift; sourceTree = "<group>"; };
		77DEEF602392B8D5001A808F /* Account.storyboard */ = {isa = PBXFileReference; lastKnownFileType = file.storyboard; path = Account.storyboard; sourceTree = "<group>"; };
		77DEEF642392BD5B001A808F /* Accounts.storyboard */ = {isa = PBXFileReference; lastKnownFileType = file.storyboard; path = Accounts.storyboard; sourceTree = "<group>"; };
		77DEEF662392BD76001A808F /* AccountsViewController.swift */ = {isa = PBXFileReference; lastKnownFileType = sourcecode.swift; path = AccountsViewController.swift; sourceTree = "<group>"; };
		77DEEF682392C062001A808F /* AccountsCollectionViewCell.swift */ = {isa = PBXFileReference; lastKnownFileType = sourcecode.swift; path = AccountsCollectionViewCell.swift; sourceTree = "<group>"; };
		B42CF4AAFB6C5C4F7DCE17EA /* Pods-OneBank.debug.xcconfig */ = {isa = PBXFileReference; includeInIndex = 1; lastKnownFileType = text.xcconfig; name = "Pods-OneBank.debug.xcconfig"; path = "Target Support Files/Pods-OneBank/Pods-OneBank.debug.xcconfig"; sourceTree = "<group>"; };
		EF1E0175D9ECAF7B8E0ABF5C /* Pods-OneBank.release.xcconfig */ = {isa = PBXFileReference; includeInIndex = 1; lastKnownFileType = text.xcconfig; name = "Pods-OneBank.release.xcconfig"; path = "Target Support Files/Pods-OneBank/Pods-OneBank.release.xcconfig"; sourceTree = "<group>"; };
/* End PBXFileReference section */

/* Begin PBXFrameworksBuildPhase section */
		55C587F9238FC36F00A6DC85 /* Frameworks */ = {
			isa = PBXFrameworksBuildPhase;
			buildActionMask = 2147483647;
			files = (
				E602DA63F9F648FB8C7169D4 /* Pods_OneBank.framework in Frameworks */,
			);
			runOnlyForDeploymentPostprocessing = 0;
		};
/* End PBXFrameworksBuildPhase section */

/* Begin PBXGroup section */
		12E70A55F8DEF768C364AE87 /* Frameworks */ = {
			isa = PBXGroup;
			children = (
				24C5B6FB31C1C0F7625ED260 /* Pods_OneBank.framework */,
			);
			name = Frameworks;
			sourceTree = "<group>";
		};
		5547C90223920C3D00FFD5A4 /* fonts */ = {
			isa = PBXGroup;
			children = (
				5547C90323920C5100FFD5A4 /* Proxima Nova Black.otf */,
				5547C90623920C5100FFD5A4 /* Proxima Nova Bold.otf */,
				5547C90723920C5100FFD5A4 /* Proxima Nova Extrabold.otf */,
				5547C90423920C5100FFD5A4 /* Proxima Nova Thin.otf */,
				5547C90523920C5100FFD5A4 /* ProximaNova-Regular.otf */,
			);
			path = fonts;
			sourceTree = "<group>";
		};
		55C587F3238FC36F00A6DC85 = {
			isa = PBXGroup;
			children = (
				5547C90223920C3D00FFD5A4 /* fonts */,
				55C587FE238FC36F00A6DC85 /* OneBank */,
				55C587FD238FC36F00A6DC85 /* Products */,
				858B7A7FD8599969653ED633 /* Pods */,
				12E70A55F8DEF768C364AE87 /* Frameworks */,
				77DEEF552392546A001A808F /* Recovered References */,
			);
			sourceTree = "<group>";
		};
		55C587FD238FC36F00A6DC85 /* Products */ = {
			isa = PBXGroup;
			children = (
				55C587FC238FC36F00A6DC85 /* OneBank.app */,
			);
			name = Products;
			sourceTree = "<group>";
		};
		55C587FE238FC36F00A6DC85 /* OneBank */ = {
			isa = PBXGroup;
			children = (
				5550D7812392721E00580A9E /* OneBank.entitlements */,
				55C58815238FC3EA00A6DC85 /* View */,
				55C58813238FC3D200A6DC85 /* ViewModel */,
				55C58814238FC3DD00A6DC85 /* Model */,
				55C587FF238FC36F00A6DC85 /* AppDelegate.swift */,
				55C58801238FC36F00A6DC85 /* SceneDelegate.swift */,
				55C5880D238FC37100A6DC85 /* Info.plist */,
				557EA798239228DC000AD213 /* Assets.xcassets */,
			);
			path = OneBank;
			sourceTree = "<group>";
		};
		55C58813238FC3D200A6DC85 /* ViewModel */ = {
			isa = PBXGroup;
			children = (
				5525BDF82393340300632750 /* InitialAccountViewController.swift */,
				5525BDF42392FAAC00632750 /* AccountViewController.swift */,
				55C58803238FC36F00A6DC85 /* ViewController.swift */,
				5522CC5B23925613008DC260 /* CreateAccount_ViewController.swift */,
				55A712252392822D00908EF0 /* SelectBank_ViewController.swift */,
				55A712272392823F00908EF0 /* ExistingAccount_ViewController.swift */,
				77BBCAB423920E8600F5605E /* DashboadViewController.swift */,
				77BBCAB72392243400F5605E /* CardCollectionViewCell.swift */,
				77DEEF53239246F2001A808F /* ServicesCollectionViewCell.swift */,
				77DEEF582392567F001A808F /* LoginViewController.swift */,
				77DEEF5A23925832001A808F /* TransactionsTableViewCell.swift */,
				77DEEF5E2392B26F001A808F /* MainServicesViewController.swift */,
				77DEEF662392BD76001A808F /* AccountsViewController.swift */,
				77DEEF682392C062001A808F /* AccountsCollectionViewCell.swift */,
				55D8BA012392BDD6008E7371 /* CloseAccountViewController.swift */,
				555CDDE82392C42F00ACB302 /* CloseConfirmation_ViewController.swift */,
				5525BDEA2392D63100632750 /* TransferViewController.swift */,
				5525BDF62392FCA600632750 /* AccountsCardCollectionViewCell.swift */,
			);
			path = ViewModel;
			sourceTree = "<group>";
		};
		55C58814238FC3DD00A6DC85 /* Model */ = {
			isa = PBXGroup;
			children = (
				55D8B9FD2392B25F008E7371 /* Globals.swift */,
				5525BDEC2392E0A000632750 /* User.swift */,
				5525BDEE2392E0BE00632750 /* BankAccount.swift */,
				5525BDF02392E0ED00632750 /* RestRequest.swift */,
			);
			path = Model;
			sourceTree = "<group>";
		};
		55C58815238FC3EA00A6DC85 /* View */ = {
			isa = PBXGroup;
			children = (
				5522CC5923923BF8008DC260 /* GradientButton.swift */,
				55C58805238FC36F00A6DC85 /* Main.storyboard */,
				55C5880A238FC37100A6DC85 /* LaunchScreen.storyboard */,
				7718B7CF2391F6500004BFA4 /* Dashboard.storyboard */,
				557EA79323921C24000AD213 /* Login.storyboard */,
				557EA79623922494000AD213 /* InitialAccount.storyboard */,
				77DEEF5C239292C3001A808F /* MainServices.storyboard */,
				77DEEF642392BD5B001A808F /* Accounts.storyboard */,
				55D8B9FF2392B40A008E7371 /* CloseBankAccount.storyboard */,
				555CDDEA2392D03E00ACB302 /* Transfer.storyboard */,
				5525BDF22392F98000632750 /* Account.storyboard */,
			);
			path = View;
			sourceTree = "<group>";
		};
		77DEEF552392546A001A808F /* Recovered References */ = {
			isa = PBXGroup;
			children = (
				77DEEF602392B8D5001A808F /* Account.storyboard */,
				775B01882392F58B00C57DCB /* Account.storyboard */,
			);
			name = "Recovered References";
			sourceTree = "<group>";
		};
		858B7A7FD8599969653ED633 /* Pods */ = {
			isa = PBXGroup;
			children = (
				B42CF4AAFB6C5C4F7DCE17EA /* Pods-OneBank.debug.xcconfig */,
				EF1E0175D9ECAF7B8E0ABF5C /* Pods-OneBank.release.xcconfig */,
			);
			path = Pods;
			sourceTree = "<group>";
		};
/* End PBXGroup section */

/* Begin PBXNativeTarget section */
		55C587FB238FC36F00A6DC85 /* OneBank */ = {
			isa = PBXNativeTarget;
			buildConfigurationList = 55C58810238FC37100A6DC85 /* Build configuration list for PBXNativeTarget "OneBank" */;
			buildPhases = (
				31177116DBF4069327E32279 /* [CP] Check Pods Manifest.lock */,
				55C587F8238FC36F00A6DC85 /* Sources */,
				55C587F9238FC36F00A6DC85 /* Frameworks */,
				55C587FA238FC36F00A6DC85 /* Resources */,
				0D40E02032AA4B5CAD693227 /* [CP] Embed Pods Frameworks */,
			);
			buildRules = (
			);
			dependencies = (
			);
			name = OneBank;
			productName = OneBank;
			productReference = 55C587FC238FC36F00A6DC85 /* OneBank.app */;
			productType = "com.apple.product-type.application";
		};
/* End PBXNativeTarget section */

/* Begin PBXProject section */
		55C587F4238FC36F00A6DC85 /* Project object */ = {
			isa = PBXProject;
			attributes = {
				LastSwiftUpdateCheck = 1120;
				LastUpgradeCheck = 1120;
				ORGANIZATIONNAME = iSwift;
				TargetAttributes = {
					55C587FB238FC36F00A6DC85 = {
						CreatedOnToolsVersion = 11.2.1;
					};
				};
			};
			buildConfigurationList = 55C587F7238FC36F00A6DC85 /* Build configuration list for PBXProject "OneBank" */;
			compatibilityVersion = "Xcode 9.3";
			developmentRegion = en;
			hasScannedForEncodings = 0;
			knownRegions = (
				en,
				Base,
			);
			mainGroup = 55C587F3238FC36F00A6DC85;
			productRefGroup = 55C587FD238FC36F00A6DC85 /* Products */;
			projectDirPath = "";
			projectRoot = "";
			targets = (
				55C587FB238FC36F00A6DC85 /* OneBank */,
			);
		};
/* End PBXProject section */

/* Begin PBXResourcesBuildPhase section */
		55C587FA238FC36F00A6DC85 /* Resources */ = {
			isa = PBXResourcesBuildPhase;
			buildActionMask = 2147483647;
			files = (
				7718B7D02391F6500004BFA4 /* Dashboard.storyboard in Resources */,
				5547C90B23920C5100FFD5A4 /* Proxima Nova Bold.otf in Resources */,
				557EA799239228DC000AD213 /* Assets.xcassets in Resources */,
				77DEEF5D239292C3001A808F /* MainServices.storyboard in Resources */,
				555CDDEB2392D03E00ACB302 /* Transfer.storyboard in Resources */,
				5547C90A23920C5100FFD5A4 /* ProximaNova-Regular.otf in Resources */,
				5547C90923920C5100FFD5A4 /* Proxima Nova Thin.otf in Resources */,
				775B01892392F58B00C57DCB /* Account.storyboard in Resources */,
				557EA79723922494000AD213 /* InitialAccount.storyboard in Resources */,
				55C5880C238FC37100A6DC85 /* LaunchScreen.storyboard in Resources */,
				55C58807238FC36F00A6DC85 /* Main.storyboard in Resources */,
				5547C90C23920C5100FFD5A4 /* Proxima Nova Extrabold.otf in Resources */,
				557EA79423921C24000AD213 /* Login.storyboard in Resources */,
				77DEEF652392BD5B001A808F /* Accounts.storyboard in Resources */,
				5525BDF32392F98000632750 /* Account.storyboard in Resources */,
				55D8BA002392B40A008E7371 /* CloseBankAccount.storyboard in Resources */,
				5547C90823920C5100FFD5A4 /* Proxima Nova Black.otf in Resources */,
			);
			runOnlyForDeploymentPostprocessing = 0;
		};
/* End PBXResourcesBuildPhase section */

/* Begin PBXShellScriptBuildPhase section */
		0D40E02032AA4B5CAD693227 /* [CP] Embed Pods Frameworks */ = {
			isa = PBXShellScriptBuildPhase;
			buildActionMask = 2147483647;
			files = (
			);
			inputFileListPaths = (
				"${PODS_ROOT}/Target Support Files/Pods-OneBank/Pods-OneBank-frameworks-${CONFIGURATION}-input-files.xcfilelist",
			);
			name = "[CP] Embed Pods Frameworks";
			outputFileListPaths = (
				"${PODS_ROOT}/Target Support Files/Pods-OneBank/Pods-OneBank-frameworks-${CONFIGURATION}-output-files.xcfilelist",
			);
			runOnlyForDeploymentPostprocessing = 0;
			shellPath = /bin/sh;
			shellScript = "\"${PODS_ROOT}/Target Support Files/Pods-OneBank/Pods-OneBank-frameworks.sh\"\n";
			showEnvVarsInLog = 0;
		};
		31177116DBF4069327E32279 /* [CP] Check Pods Manifest.lock */ = {
			isa = PBXShellScriptBuildPhase;
			buildActionMask = 2147483647;
			files = (
			);
			inputFileListPaths = (
			);
			inputPaths = (
				"${PODS_PODFILE_DIR_PATH}/Podfile.lock",
				"${PODS_ROOT}/Manifest.lock",
			);
			name = "[CP] Check Pods Manifest.lock";
			outputFileListPaths = (
			);
			outputPaths = (
				"$(DERIVED_FILE_DIR)/Pods-OneBank-checkManifestLockResult.txt",
			);
			runOnlyForDeploymentPostprocessing = 0;
			shellPath = /bin/sh;
			shellScript = "diff \"${PODS_PODFILE_DIR_PATH}/Podfile.lock\" \"${PODS_ROOT}/Manifest.lock\" > /dev/null\nif [ $? != 0 ] ; then\n    # print error to STDERR\n    echo \"error: The sandbox is not in sync with the Podfile.lock. Run 'pod install' or update your CocoaPods installation.\" >&2\n    exit 1\nfi\n# This output is used by Xcode 'outputs' to avoid re-running this script phase.\necho \"SUCCESS\" > \"${SCRIPT_OUTPUT_FILE_0}\"\n";
			showEnvVarsInLog = 0;
		};
/* End PBXShellScriptBuildPhase section */

/* Begin PBXSourcesBuildPhase section */
		55C587F8238FC36F00A6DC85 /* Sources */ = {
			isa = PBXSourcesBuildPhase;
			buildActionMask = 2147483647;
			files = (
				5522CC5A23923BF8008DC260 /* GradientButton.swift in Sources */,
				5522CC5C23925613008DC260 /* CreateAccount_ViewController.swift in Sources */,
				77DEEF5F2392B26F001A808F /* MainServicesViewController.swift in Sources */,
				77DEEF692392C062001A808F /* AccountsCollectionViewCell.swift in Sources */,
				55A712262392822D00908EF0 /* SelectBank_ViewController.swift in Sources */,
				77DEEF5B23925832001A808F /* TransactionsTableViewCell.swift in Sources */,
				77DEEF54239246F2001A808F /* ServicesCollectionViewCell.swift in Sources */,
				5525BDF52392FAAC00632750 /* AccountViewController.swift in Sources */,
				77DEEF672392BD76001A808F /* AccountsViewController.swift in Sources */,
				555CDDE92392C42F00ACB302 /* CloseConfirmation_ViewController.swift in Sources */,
				55A712262392822D00908EF0 /* SelectBank_ViewController.swift in Sources */,
				77DEEF5B23925832001A808F /* TransactionsTableViewCell.swift in Sources */,
				77DEEF54239246F2001A808F /* ServicesCollectionViewCell.swift in Sources */,
				55D8BA022392BDD6008E7371 /* CloseAccountViewController.swift in Sources */,
				77BBCAB523920E8600F5605E /* DashboadViewController.swift in Sources */,
				5525BDF92393340300632750 /* InitialAccountViewController.swift in Sources */,
				55C58804238FC36F00A6DC85 /* ViewController.swift in Sources */,
				5525BDF72392FCA600632750 /* AccountsCardCollectionViewCell.swift in Sources */,
				77DEEF592392567F001A808F /* LoginViewController.swift in Sources */,
				5525BDF12392E0ED00632750 /* RestRequest.swift in Sources */,
				55C58800238FC36F00A6DC85 /* AppDelegate.swift in Sources */,
				55A712282392823F00908EF0 /* ExistingAccount_ViewController.swift in Sources */,
				77BBCAB82392243400F5605E /* CardCollectionViewCell.swift in Sources */,
				5525BDED2392E0A000632750 /* User.swift in Sources */,
				5525BDEF2392E0BE00632750 /* BankAccount.swift in Sources */,
				5525BDEB2392D63100632750 /* TransferViewController.swift in Sources */,
				55D8B9FE2392B25F008E7371 /* Globals.swift in Sources */,
				55C58802238FC36F00A6DC85 /* SceneDelegate.swift in Sources */,
			);
			runOnlyForDeploymentPostprocessing = 0;
		};
/* End PBXSourcesBuildPhase section */

/* Begin PBXVariantGroup section */
		55C58805238FC36F00A6DC85 /* Main.storyboard */ = {
			isa = PBXVariantGroup;
			children = (
				55C58806238FC36F00A6DC85 /* Base */,
			);
			name = Main.storyboard;
			sourceTree = "<group>";
		};
		55C5880A238FC37100A6DC85 /* LaunchScreen.storyboard */ = {
			isa = PBXVariantGroup;
			children = (
				55C5880B238FC37100A6DC85 /* Base */,
			);
			name = LaunchScreen.storyboard;
			sourceTree = "<group>";
		};
/* End PBXVariantGroup section */

/* Begin XCBuildConfiguration section */
		55C5880E238FC37100A6DC85 /* Debug */ = {
			isa = XCBuildConfiguration;
			buildSettings = {
				ALWAYS_SEARCH_USER_PATHS = NO;
				CLANG_ANALYZER_NONNULL = YES;
				CLANG_ANALYZER_NUMBER_OBJECT_CONVERSION = YES_AGGRESSIVE;
				CLANG_CXX_LANGUAGE_STANDARD = "gnu++14";
				CLANG_CXX_LIBRARY = "libc++";
				CLANG_ENABLE_MODULES = YES;
				CLANG_ENABLE_OBJC_ARC = YES;
				CLANG_ENABLE_OBJC_WEAK = YES;
				CLANG_WARN_BLOCK_CAPTURE_AUTORELEASING = YES;
				CLANG_WARN_BOOL_CONVERSION = YES;
				CLANG_WARN_COMMA = YES;
				CLANG_WARN_CONSTANT_CONVERSION = YES;
				CLANG_WARN_DEPRECATED_OBJC_IMPLEMENTATIONS = YES;
				CLANG_WARN_DIRECT_OBJC_ISA_USAGE = YES_ERROR;
				CLANG_WARN_DOCUMENTATION_COMMENTS = YES;
				CLANG_WARN_EMPTY_BODY = YES;
				CLANG_WARN_ENUM_CONVERSION = YES;
				CLANG_WARN_INFINITE_RECURSION = YES;
				CLANG_WARN_INT_CONVERSION = YES;
				CLANG_WARN_NON_LITERAL_NULL_CONVERSION = YES;
				CLANG_WARN_OBJC_IMPLICIT_RETAIN_SELF = YES;
				CLANG_WARN_OBJC_LITERAL_CONVERSION = YES;
				CLANG_WARN_OBJC_ROOT_CLASS = YES_ERROR;
				CLANG_WARN_RANGE_LOOP_ANALYSIS = YES;
				CLANG_WARN_STRICT_PROTOTYPES = YES;
				CLANG_WARN_SUSPICIOUS_MOVE = YES;
				CLANG_WARN_UNGUARDED_AVAILABILITY = YES_AGGRESSIVE;
				CLANG_WARN_UNREACHABLE_CODE = YES;
				CLANG_WARN__DUPLICATE_METHOD_MATCH = YES;
				COPY_PHASE_STRIP = NO;
				DEBUG_INFORMATION_FORMAT = dwarf;
				ENABLE_STRICT_OBJC_MSGSEND = YES;
				ENABLE_TESTABILITY = YES;
				GCC_C_LANGUAGE_STANDARD = gnu11;
				GCC_DYNAMIC_NO_PIC = NO;
				GCC_NO_COMMON_BLOCKS = YES;
				GCC_OPTIMIZATION_LEVEL = 0;
				GCC_PREPROCESSOR_DEFINITIONS = (
					"DEBUG=1",
					"$(inherited)",
				);
				GCC_WARN_64_TO_32_BIT_CONVERSION = YES;
				GCC_WARN_ABOUT_RETURN_TYPE = YES_ERROR;
				GCC_WARN_UNDECLARED_SELECTOR = YES;
				GCC_WARN_UNINITIALIZED_AUTOS = YES_AGGRESSIVE;
				GCC_WARN_UNUSED_FUNCTION = YES;
				GCC_WARN_UNUSED_VARIABLE = YES;
				IPHONEOS_DEPLOYMENT_TARGET = 13.2;
				MTL_ENABLE_DEBUG_INFO = INCLUDE_SOURCE;
				MTL_FAST_MATH = YES;
				ONLY_ACTIVE_ARCH = YES;
				SDKROOT = iphoneos;
				SWIFT_ACTIVE_COMPILATION_CONDITIONS = DEBUG;
				SWIFT_OPTIMIZATION_LEVEL = "-Onone";
			};
			name = Debug;
		};
		55C5880F238FC37100A6DC85 /* Release */ = {
			isa = XCBuildConfiguration;
			buildSettings = {
				ALWAYS_SEARCH_USER_PATHS = NO;
				CLANG_ANALYZER_NONNULL = YES;
				CLANG_ANALYZER_NUMBER_OBJECT_CONVERSION = YES_AGGRESSIVE;
				CLANG_CXX_LANGUAGE_STANDARD = "gnu++14";
				CLANG_CXX_LIBRARY = "libc++";
				CLANG_ENABLE_MODULES = YES;
				CLANG_ENABLE_OBJC_ARC = YES;
				CLANG_ENABLE_OBJC_WEAK = YES;
				CLANG_WARN_BLOCK_CAPTURE_AUTORELEASING = YES;
				CLANG_WARN_BOOL_CONVERSION = YES;
				CLANG_WARN_COMMA = YES;
				CLANG_WARN_CONSTANT_CONVERSION = YES;
				CLANG_WARN_DEPRECATED_OBJC_IMPLEMENTATIONS = YES;
				CLANG_WARN_DIRECT_OBJC_ISA_USAGE = YES_ERROR;
				CLANG_WARN_DOCUMENTATION_COMMENTS = YES;
				CLANG_WARN_EMPTY_BODY = YES;
				CLANG_WARN_ENUM_CONVERSION = YES;
				CLANG_WARN_INFINITE_RECURSION = YES;
				CLANG_WARN_INT_CONVERSION = YES;
				CLANG_WARN_NON_LITERAL_NULL_CONVERSION = YES;
				CLANG_WARN_OBJC_IMPLICIT_RETAIN_SELF = YES;
				CLANG_WARN_OBJC_LITERAL_CONVERSION = YES;
				CLANG_WARN_OBJC_ROOT_CLASS = YES_ERROR;
				CLANG_WARN_RANGE_LOOP_ANALYSIS = YES;
				CLANG_WARN_STRICT_PROTOTYPES = YES;
				CLANG_WARN_SUSPICIOUS_MOVE = YES;
				CLANG_WARN_UNGUARDED_AVAILABILITY = YES_AGGRESSIVE;
				CLANG_WARN_UNREACHABLE_CODE = YES;
				CLANG_WARN__DUPLICATE_METHOD_MATCH = YES;
				COPY_PHASE_STRIP = NO;
				DEBUG_INFORMATION_FORMAT = "dwarf-with-dsym";
				ENABLE_NS_ASSERTIONS = NO;
				ENABLE_STRICT_OBJC_MSGSEND = YES;
				GCC_C_LANGUAGE_STANDARD = gnu11;
				GCC_NO_COMMON_BLOCKS = YES;
				GCC_WARN_64_TO_32_BIT_CONVERSION = YES;
				GCC_WARN_ABOUT_RETURN_TYPE = YES_ERROR;
				GCC_WARN_UNDECLARED_SELECTOR = YES;
				GCC_WARN_UNINITIALIZED_AUTOS = YES_AGGRESSIVE;
				GCC_WARN_UNUSED_FUNCTION = YES;
				GCC_WARN_UNUSED_VARIABLE = YES;
				IPHONEOS_DEPLOYMENT_TARGET = 13.2;
				MTL_ENABLE_DEBUG_INFO = NO;
				MTL_FAST_MATH = YES;
				SDKROOT = iphoneos;
				SWIFT_COMPILATION_MODE = wholemodule;
				SWIFT_OPTIMIZATION_LEVEL = "-O";
				VALIDATE_PRODUCT = YES;
			};
			name = Release;
		};
		55C58811238FC37100A6DC85 /* Debug */ = {
			isa = XCBuildConfiguration;
			baseConfigurationReference = B42CF4AAFB6C5C4F7DCE17EA /* Pods-OneBank.debug.xcconfig */;
			buildSettings = {
				ASSETCATALOG_COMPILER_APPICON_NAME = AppIcon;
				CODE_SIGN_ENTITLEMENTS = OneBank/OneBank.entitlements;
				CODE_SIGN_STYLE = Automatic;
				DEVELOPMENT_TEAM = 6XNC2755U2;
				INFOPLIST_FILE = OneBank/Info.plist;
				LD_RUNPATH_SEARCH_PATHS = (
					"$(inherited)",
					"@executable_path/Frameworks",
				);
				PRODUCT_BUNDLE_IDENTIFIER = com.sogyal;
				PRODUCT_NAME = "$(TARGET_NAME)";
				SWIFT_VERSION = 5.0;
				TARGETED_DEVICE_FAMILY = 1;
			};
			name = Debug;
		};
		55C58812238FC37100A6DC85 /* Release */ = {
			isa = XCBuildConfiguration;
			baseConfigurationReference = EF1E0175D9ECAF7B8E0ABF5C /* Pods-OneBank.release.xcconfig */;
			buildSettings = {
				ASSETCATALOG_COMPILER_APPICON_NAME = AppIcon;
				CODE_SIGN_ENTITLEMENTS = OneBank/OneBank.entitlements;
				CODE_SIGN_STYLE = Automatic;
				DEVELOPMENT_TEAM = 6XNC2755U2;
				INFOPLIST_FILE = OneBank/Info.plist;
				LD_RUNPATH_SEARCH_PATHS = (
					"$(inherited)",
					"@executable_path/Frameworks",
				);
				PRODUCT_BUNDLE_IDENTIFIER = com.sogyal;
				PRODUCT_NAME = "$(TARGET_NAME)";
				SWIFT_VERSION = 5.0;
				TARGETED_DEVICE_FAMILY = 1;
			};
			name = Release;
		};
/* End XCBuildConfiguration section */

/* Begin XCConfigurationList section */
		55C587F7238FC36F00A6DC85 /* Build configuration list for PBXProject "OneBank" */ = {
			isa = XCConfigurationList;
			buildConfigurations = (
				55C5880E238FC37100A6DC85 /* Debug */,
				55C5880F238FC37100A6DC85 /* Release */,
			);
			defaultConfigurationIsVisible = 0;
			defaultConfigurationName = Release;
		};
		55C58810238FC37100A6DC85 /* Build configuration list for PBXNativeTarget "OneBank" */ = {
			isa = XCConfigurationList;
			buildConfigurations = (
				55C58811238FC37100A6DC85 /* Debug */,
				55C58812238FC37100A6DC85 /* Release */,
			);
			defaultConfigurationIsVisible = 0;
			defaultConfigurationName = Release;
		};
/* End XCConfigurationList section */
	};
	rootObject = 55C587F4238FC36F00A6DC85 /* Project object */;
}
